
Microsoft Visual Studio Solution File, Format Version 12.00
# Visual Studio Version 17
VisualStudioVersion = 17.14.36408.4
MinimumVisualStudioVersion = 10.0.40219.1
Project("{FAE04EC0-301F-11D3-BF4B-00C04F79EFBC}") = "DungeonSlime", "DungeonSlime\DungeonSlime.csproj", "{4EA0AE5D-80B3-40A9-85AF-171922427FD7}"
EndProject
Project("{FAE04EC0-301F-11D3-BF4B-00C04F79EFBC}") = "MonoGameLibrary", "MonoGameLibrary\MonoGameLibrary.csproj", "{C9CF131F-536F-47D8-B93F-A1DE567C0DB3}"
EndProject
Project("{FAE04EC0-301F-11D3-BF4B-00C04F79EFBC}") = "SvgRasterizer", "SvgRasterizer\SvgRasterizer.csproj", "{0B936265-20E2-6E28-7DC1-37B8A2DE560E}"
EndProject
Global
	GlobalSection(SolutionConfigurationPlatforms) = preSolution
		Debug|Any CPU = Debug|Any CPU
		Release|Any CPU = Release|Any CPU
	EndGlobalSection
	GlobalSection(ProjectConfigurationPlatforms) = postSolution
		{4EA0AE5D-80B3-40A9-85AF-171922427FD7}.Debug|Any CPU.ActiveCfg = Debug|Any CPU
		{4EA0AE5D-80B3-40A9-85AF-171922427FD7}.Debug|Any CPU.Build.0 = Debug|Any CPU
		{4EA0AE5D-80B3-40A9-85AF-171922427FD7}.Release|Any CPU.ActiveCfg = Release|Any CPU
		{4EA0AE5D-80B3-40A9-85AF-171922427FD7}.Release|Any CPU.Build.0 = Release|Any CPU
		{C9CF131F-536F-47D8-B93F-A1DE567C0DB3}.Debug|Any CPU.ActiveCfg = Debug|Any CPU
		{C9CF131F-536F-47D8-B93F-A1DE567C0DB3}.Debug|Any CPU.Build.0 = Debug|Any CPU
		{C9CF131F-536F-47D8-B93F-A1DE567C0DB3}.Release|Any CPU.ActiveCfg = Release|Any CPU
		{C9CF131F-536F-47D8-B93F-A1DE567C0DB3}.Release|Any CPU.Build.0 = Release|Any CPU
		{0B936265-20E2-6E28-7DC1-37B8A2DE560E}.Debug|Any CPU.ActiveCfg = Debug|Any CPU
		{0B936265-20E2-6E28-7DC1-37B8A2DE560E}.Debug|Any CPU.Build.0 = Debug|Any CPU
		{0B936265-20E2-6E28-7DC1-37B8A2DE560E}.Release|Any CPU.ActiveCfg = Release|Any CPU
		{0B936265-20E2-6E28-7DC1-37B8A2DE560E}.Release|Any CPU.Build.0 = Release|Any CPU
	EndGlobalSection
	GlobalSection(SolutionProperties) = preSolution
		HideSolutionNode = FALSE
	EndGlobalSection
	GlobalSection(ExtensibilityGlobals) = postSolution
		SolutionGuid = {C7C28F38-D525-4970-8378-D24358148B8A}
	EndGlobalSection
EndGlobal
