
Microsoft Visual Studio Solution File, Format Version 12.00
# Visual Studio Version 17
VisualStudioVersion = 17.14.36408.4 d17.14
MinimumVisualStudioVersion = 10.0.40219.1
Project("{FAE04EC0-301F-11D3-BF4B-00C04F79EFBC}") = "SvgRasterizer", "SvgRasterizer.csproj", "{923084FE-DF78-E186-FD37-C51EF862EE17}"
EndProject
Global
	GlobalSection(SolutionConfigurationPlatforms) = preSolution
		Debug|Any CPU = Debug|Any CPU
		Release|Any CPU = Release|Any CPU
	EndGlobalSection
	GlobalSection(ProjectConfigurationPlatforms) = postSolution
		{923084FE-DF78-E186-FD37-C51EF862EE17}.Debug|Any CPU.ActiveCfg = Debug|Any CPU
		{923084FE-DF78-E186-FD37-C51EF862EE17}.Debug|Any CPU.Build.0 = Debug|Any CPU
		{923084FE-DF78-E186-FD37-C51EF862EE17}.Release|Any CPU.ActiveCfg = Release|Any CPU
		{923084FE-DF78-E186-FD37-C51EF862EE17}.Release|Any CPU.Build.0 = Release|Any CPU
	EndGlobalSection
	GlobalSection(SolutionProperties) = preSolution
		HideSolutionNode = FALSE
	EndGlobalSection
	GlobalSection(ExtensibilityGlobals) = postSolution
		SolutionGuid = {06439D29-E15C-4EB8-AA1E-EED412DDBC22}
	EndGlobalSection
EndGlobal
